
Microsoft Visual Studio Solution File, Format Version 12.00
# Visual Studio Version 17
VisualStudioVersion = 17.12.35424.110
MinimumVisualStudioVersion = 10.0.40219.1
Project("{2150E333-8FDC-42A3-9474-1A3956D46DE8}") = "17. P. multi-hilo y Concurrencia", "17. P. multi-hilo y Concurrencia", "{46E77E31-1F96-4B7A-BDAD-A155BCA0F80F}"
EndProject
Project("{FAE04EC0-301F-11D3-BF4B-00C04F79EFBC}") = "View Example 17.0.01", "17. P. multi-hilo y Concurrencia\View Example 17.0.01\View Example 17.0.01.csproj", "{F3562EF4-B802-4386-8F99-E86681260DCE}"
EndProject
Project("{FAE04EC0-301F-11D3-BF4B-00C04F79EFBC}") = "View Example 17.0.02", "17. P. multi-hilo y Concurrencia\View Example 17.0.02\View Example 17.0.02.csproj", "{2D476D61-9AE5-460E-B51A-9DF30EFC4937}"
EndProject
Project("{FAE04EC0-301F-11D3-BF4B-00C04F79EFBC}") = "17.1.02 Library", "17. P. multi-hilo y Concurrencia\17.1.02 Library\17.1.02 Library.csproj", "{7CE68428-FE50-4FE9-876B-FE815ADB2AE4}"
EndProject
Project("{FAE04EC0-301F-11D3-BF4B-00C04F79EFBC}") = "17.1.02 View", "17. P. multi-hilo y Concurrencia\17.1.02 View\17.1.02 View.csproj", "{B6793184-9700-4D88-86F4-0D3250161993}"
EndProject
Global
	GlobalSection(SolutionConfigurationPlatforms) = preSolution
		Debug|Any CPU = Debug|Any CPU
		Release|Any CPU = Release|Any CPU
	EndGlobalSection
	GlobalSection(ProjectConfigurationPlatforms) = postSolution
		{F3562EF4-B802-4386-8F99-E86681260DCE}.Debug|Any CPU.ActiveCfg = Debug|Any CPU
		{F3562EF4-B802-4386-8F99-E86681260DCE}.Debug|Any CPU.Build.0 = Debug|Any CPU
		{F3562EF4-B802-4386-8F99-E86681260DCE}.Release|Any CPU.ActiveCfg = Release|Any CPU
		{F3562EF4-B802-4386-8F99-E86681260DCE}.Release|Any CPU.Build.0 = Release|Any CPU
		{2D476D61-9AE5-460E-B51A-9DF30EFC4937}.Debug|Any CPU.ActiveCfg = Debug|Any CPU
		{2D476D61-9AE5-460E-B51A-9DF30EFC4937}.Debug|Any CPU.Build.0 = Debug|Any CPU
		{2D476D61-9AE5-460E-B51A-9DF30EFC4937}.Release|Any CPU.ActiveCfg = Release|Any CPU
		{2D476D61-9AE5-460E-B51A-9DF30EFC4937}.Release|Any CPU.Build.0 = Release|Any CPU
		{7CE68428-FE50-4FE9-876B-FE815ADB2AE4}.Debug|Any CPU.ActiveCfg = Debug|Any CPU
		{7CE68428-FE50-4FE9-876B-FE815ADB2AE4}.Debug|Any CPU.Build.0 = Debug|Any CPU
		{7CE68428-FE50-4FE9-876B-FE815ADB2AE4}.Release|Any CPU.ActiveCfg = Release|Any CPU
		{7CE68428-FE50-4FE9-876B-FE815ADB2AE4}.Release|Any CPU.Build.0 = Release|Any CPU
		{B6793184-9700-4D88-86F4-0D3250161993}.Debug|Any CPU.ActiveCfg = Debug|Any CPU
		{B6793184-9700-4D88-86F4-0D3250161993}.Debug|Any CPU.Build.0 = Debug|Any CPU
		{B6793184-9700-4D88-86F4-0D3250161993}.Release|Any CPU.ActiveCfg = Release|Any CPU
		{B6793184-9700-4D88-86F4-0D3250161993}.Release|Any CPU.Build.0 = Release|Any CPU
	EndGlobalSection
	GlobalSection(SolutionProperties) = preSolution
		HideSolutionNode = FALSE
	EndGlobalSection
	GlobalSection(NestedProjects) = preSolution
		{F3562EF4-B802-4386-8F99-E86681260DCE} = {46E77E31-1F96-4B7A-BDAD-A155BCA0F80F}
		{2D476D61-9AE5-460E-B51A-9DF30EFC4937} = {46E77E31-1F96-4B7A-BDAD-A155BCA0F80F}
		{7CE68428-FE50-4FE9-876B-FE815ADB2AE4} = {46E77E31-1F96-4B7A-BDAD-A155BCA0F80F}
		{B6793184-9700-4D88-86F4-0D3250161993} = {46E77E31-1F96-4B7A-BDAD-A155BCA0F80F}
	EndGlobalSection
EndGlobal
